Microsoft Visual Studio Solution File, Format Version 12.00
# Visual Studio Version 16
VisualStudioVersion = 16.0.0.0
MinimumVisualStudioVersion = 16.0.0.0
Project("{9A19103F-16F7-4668-BE54-9A1E7A4F7556}") = "BlazorServicePattern.Server", "BlazorServicePattern.Server\BlazorServicePattern.Server.csproj", "{1FEE83E0-72F9-4988-8808-BB8D1DB1BF45}"
EndProject
Project("{9A19103F-16F7-4668-BE54-9A1E7A4F7556}") = "BlazorServicePattern.Client", "BlazorServicePattern.Client\BlazorServicePattern.Client.csproj", "{FCE319B8-BE6D-44D0-912F-C25E9A535DD4}"
EndProject
Project("{9A19103F-16F7-4668-BE54-9A1E7A4F7556}") = "BlazorServicePattern.Shared", "BlazorServicePattern.Shared\BlazorServicePattern.Shared.csproj", "{98C0C79F-A0C7-44CC-BFB6-7C416A9CEE80}"
EndProject
Global
	GlobalSection(SolutionConfigurationPlatforms) = preSolution
		Debug|Any CPU = Debug|Any CPU
		Debug|x64 = Debug|x64
		Debug|x86 = Debug|x86
		Release|Any CPU = Release|Any CPU
		Release|x64 = Release|x64
		Release|x86 = Release|x86
	EndGlobalSection
	GlobalSection(ProjectConfigurationPlatforms) = postSolution
		{FCE319B8-BE6D-44D0-912F-C25E9A535DD4}.Debug|Any CPU.ActiveCfg = Debug|Any CPU
		{FCE319B8-BE6D-44D0-912F-C25E9A535DD4}.Debug|Any CPU.Build.0 = Debug|Any CPU
		{FCE319B8-BE6D-44D0-912F-C25E9A535DD4}.Debug|x64.ActiveCfg = Debug|Any CPU
		{FCE319B8-BE6D-44D0-912F-C25E9A535DD4}.Debug|x64.Build.0 = Debug|Any CPU
		{FCE319B8-BE6D-44D0-912F-C25E9A535DD4}.Debug|x86.ActiveCfg = Debug|Any CPU
		{FCE319B8-BE6D-44D0-912F-C25E9A535DD4}.Debug|x86.Build.0 = Debug|Any CPU
		{FCE319B8-BE6D-44D0-912F-C25E9A535DD4}.Release|Any CPU.ActiveCfg = Release|Any CPU
		{FCE319B8-BE6D-44D0-912F-C25E9A535DD4}.Release|Any CPU.Build.0 = Release|Any CPU
		{FCE319B8-BE6D-44D0-912F-C25E9A535DD4}.Release|x64.ActiveCfg = Release|Any CPU
		{FCE319B8-BE6D-44D0-912F-C25E9A535DD4}.Release|x64.Build.0 = Release|Any CPU
		{FCE319B8-BE6D-44D0-912F-C25E9A535DD4}.Release|x86.ActiveCfg = Release|Any CPU
		{FCE319B8-BE6D-44D0-912F-C25E9A535DD4}.Release|x86.Build.0 = Release|Any CPU
		{1FEE83E0-72F9-4988-8808-BB8D1DB1BF45}.Debug|Any CPU.ActiveCfg = Debug|Any CPU
		{1FEE83E0-72F9-4988-8808-BB8D1DB1BF45}.Debug|Any CPU.Build.0 = Debug|Any CPU
		{1FEE83E0-72F9-4988-8808-BB8D1DB1BF45}.Debug|x64.ActiveCfg = Debug|Any CPU
		{1FEE83E0-72F9-4988-8808-BB8D1DB1BF45}.Debug|x64.Build.0 = Debug|Any CPU
		{1FEE83E0-72F9-4988-8808-BB8D1DB1BF45}.Debug|x86.ActiveCfg = Debug|Any CPU
		{1FEE83E0-72F9-4988-8808-BB8D1DB1BF45}.Debug|x86.Build.0 = Debug|Any CPU
		{1FEE83E0-72F9-4988-8808-BB8D1DB1BF45}.Release|Any CPU.ActiveCfg = Release|Any CPU
		{1FEE83E0-72F9-4988-8808-BB8D1DB1BF45}.Release|Any CPU.Build.0 = Release|Any CPU
		{1FEE83E0-72F9-4988-8808-BB8D1DB1BF45}.Release|x64.ActiveCfg = Release|Any CPU
		{1FEE83E0-72F9-4988-8808-BB8D1DB1BF45}.Release|x64.Build.0 = Release|Any CPU
		{1FEE83E0-72F9-4988-8808-BB8D1DB1BF45}.Release|x86.ActiveCfg = Release|Any CPU
		{1FEE83E0-72F9-4988-8808-BB8D1DB1BF45}.Release|x86.Build.0 = Release|Any CPU
		{98C0C79F-A0C7-44CC-BFB6-7C416A9CEE80}.Debug|Any CPU.ActiveCfg = Debug|Any CPU
		{98C0C79F-A0C7-44CC-BFB6-7C416A9CEE80}.Debug|Any CPU.Build.0 = Debug|Any CPU
		{98C0C79F-A0C7-44CC-BFB6-7C416A9CEE80}.Debug|x64.ActiveCfg = Debug|Any CPU
		{98C0C79F-A0C7-44CC-BFB6-7C416A9CEE80}.Debug|x64.Build.0 = Debug|Any CPU
		{98C0C79F-A0C7-44CC-BFB6-7C416A9CEE80}.Debug|x86.ActiveCfg = Debug|Any CPU
		{98C0C79F-A0C7-44CC-BFB6-7C416A9CEE80}.Debug|x86.Build.0 = Debug|Any CPU
		{98C0C79F-A0C7-44CC-BFB6-7C416A9CEE80}.Release|Any CPU.ActiveCfg = Release|Any CPU
		{98C0C79F-A0C7-44CC-BFB6-7C416A9CEE80}.Release|Any CPU.Build.0 = Release|Any CPU
		{98C0C79F-A0C7-44CC-BFB6-7C416A9CEE80}.Release|x64.ActiveCfg = Release|Any CPU
		{98C0C79F-A0C7-44CC-BFB6-7C416A9CEE80}.Release|x64.Build.0 = Release|Any CPU
		{98C0C79F-A0C7-44CC-BFB6-7C416A9CEE80}.Release|x86.ActiveCfg = Release|Any CPU
		{98C0C79F-A0C7-44CC-BFB6-7C416A9CEE80}.Release|x86.Build.0 = Release|Any CPU
	EndGlobalSection
	GlobalSection(SolutionProperties) = preSolution
		HideSolutionNode = FALSE
	EndGlobalSection
	GlobalSection(ExtensibilityGlobals) = postSolution
		SolutionGuid = {39ABBE17-8BF6-42F9-9627-0E6817B9F0F2}
	EndGlobalSection
EndGlobal
